// !$*UTF8*$!
{
	archiveVersion = 1;
	classes = {
	};
	objectVersion = 50;
	objects = {

/* Begin PBXBuildFile section */
		E30C48BB24FAE6930049D5C3 /* Switches.framework in Frameworks */ = {isa = PBXBuildFile; fileRef = E30C48B124FAE6930049D5C3 /* Switches.framework */; };
		E30C48C024FAE6930049D5C3 /* SwitchesTests.swift in Sources */ = {isa = PBXBuildFile; fileRef = E30C48BF24FAE6930049D5C3 /* SwitchesTests.swift */; };
		E30C490324FAE7420049D5C3 /* SwitchesDemoTests.swift in Sources */ = {isa = PBXBuildFile; fileRef = E30C490224FAE7420049D5C3 /* SwitchesDemoTests.swift */; };
		E30C490E24FAE7420049D5C3 /* SwitchesDemoUITests.swift in Sources */ = {isa = PBXBuildFile; fileRef = E30C490D24FAE7420049D5C3 /* SwitchesDemoUITests.swift */; };
		E30C492F24FAE76F0049D5C3 /* AppDelegate.swift in Sources */ = {isa = PBXBuildFile; fileRef = E30C491A24FAE76F0049D5C3 /* AppDelegate.swift */; };
		E30C493024FAE76F0049D5C3 /* SceneDelegate.swift in Sources */ = {isa = PBXBuildFile; fileRef = E30C491B24FAE76F0049D5C3 /* SceneDelegate.swift */; };
		E30C493124FAE76F0049D5C3 /* LaunchScreen.storyboard in Resources */ = {isa = PBXBuildFile; fileRef = E30C491D24FAE76F0049D5C3 /* LaunchScreen.storyboard */; };
		E30C493224FAE76F0049D5C3 /* Main.storyboard in Resources */ = {isa = PBXBuildFile; fileRef = E30C491F24FAE76F0049D5C3 /* Main.storyboard */; };
		E30C493324FAE76F0049D5C3 /* SmileyViewController.swift in Sources */ = {isa = PBXBuildFile; fileRef = E30C492224FAE76F0049D5C3 /* SmileyViewController.swift */; };
		E30C493424FAE76F0049D5C3 /* ViewController.swift in Sources */ = {isa = PBXBuildFile; fileRef = E30C492324FAE76F0049D5C3 /* ViewController.swift */; };
		E30C493524FAE76F0049D5C3 /* CollectionViewCell.swift in Sources */ = {isa = PBXBuildFile; fileRef = E30C492524FAE76F0049D5C3 /* CollectionViewCell.swift */; };
		E30C493624FAE76F0049D5C3 /* ModeSwitchesViewController.swift in Sources */ = {isa = PBXBuildFile; fileRef = E30C492624FAE76F0049D5C3 /* ModeSwitchesViewController.swift */; };
		E30C493724FAE76F0049D5C3 /* GradientSwitchesViewController.swift in Sources */ = {isa = PBXBuildFile; fileRef = E30C492724FAE76F0049D5C3 /* GradientSwitchesViewController.swift */; };
		E30C493824FAE76F0049D5C3 /* RandomViewController.swift in Sources */ = {isa = PBXBuildFile; fileRef = E30C492824FAE76F0049D5C3 /* RandomViewController.swift */; };
		E30C493924FAE76F0049D5C3 /* ModeBSwitchesViewController.swift in Sources */ = {isa = PBXBuildFile; fileRef = E30C492924FAE76F0049D5C3 /* ModeBSwitchesViewController.swift */; };
		E30C493A24FAE76F0049D5C3 /* SwiftyViewController.swift in Sources */ = {isa = PBXBuildFile; fileRef = E30C492A24FAE76F0049D5C3 /* SwiftyViewController.swift */; };
		E30C493B24FAE76F0049D5C3 /* AnimatedSwitchesViewController.swift in Sources */ = {isa = PBXBuildFile; fileRef = E30C492B24FAE76F0049D5C3 /* AnimatedSwitchesViewController.swift */; };
		E30C493C24FAE76F0049D5C3 /* ThumbImageSwitchesViewController.swift in Sources */ = {isa = PBXBuildFile; fileRef = E30C492C24FAE76F0049D5C3 /* ThumbImageSwitchesViewController.swift */; };
		E30C493D24FAE76F0049D5C3 /* LoadingSwitchesViewController.swift in Sources */ = {isa = PBXBuildFile; fileRef = E30C492D24FAE76F0049D5C3 /* LoadingSwitchesViewController.swift */; };
		E30C493E24FAE76F0049D5C3 /* JellySwitchesViewController.swift in Sources */ = {isa = PBXBuildFile; fileRef = E30C492E24FAE76F0049D5C3 /* JellySwitchesViewController.swift */; };
		E30C494724FAE8350049D5C3 /* SwitchType.swift in Sources */ = {isa = PBXBuildFile; fileRef = E30C494624FAE8350049D5C3 /* SwitchType.swift */; };
		E30C494824FAEB5B0049D5C3 /* Assets.xcassets in Resources */ = {isa = PBXBuildFile; fileRef = E30C494224FAE7BC0049D5C3 /* Assets.xcassets */; };
		E3F7F99424FE171C004DBE69 /* README.md in Resources */ = {isa = PBXBuildFile; fileRef = E3F7F99324FE171C004DBE69 /* README.md */; };
		E3F7F9CB24FE1DD9004DBE69 /* Switcher.swift in Sources */ = {isa = PBXBuildFile; fileRef = E3F7F9BB24FE1DD9004DBE69 /* Switcher.swift */; };
		E3F7F9CC24FE1DD9004DBE69 /* YapBaseSwitch.swift in Sources */ = {isa = PBXBuildFile; fileRef = E3F7F9BC24FE1DD9004DBE69 /* YapBaseSwitch.swift */; };
		E3F7F9CD24FE1DD9004DBE69 /* JDSwitch.swift in Sources */ = {isa = PBXBuildFile; fileRef = E3F7F9BD24FE1DD9004DBE69 /* JDSwitch.swift */; };
		E3F7F9CE24FE1DD9004DBE69 /* YapLiquidSwitch.swift in Sources */ = {isa = PBXBuildFile; fileRef = E3F7F9BE24FE1DD9004DBE69 /* YapLiquidSwitch.swift */; };
		E3F7F9CF24FE1DD9004DBE69 /* UIImage+Extension.swift in Sources */ = {isa = PBXBuildFile; fileRef = E3F7F9BF24FE1DD9004DBE69 /* UIImage+Extension.swift */; };
		E3F7F9D024FE1DD9004DBE69 /* SDSwitch.swift in Sources */ = {isa = PBXBuildFile; fileRef = E3F7F9C024FE1DD9004DBE69 /* SDSwitch.swift */; };
		E3F7F9D124FE1DD9004DBE69 /* YapSmileSwitch.swift in Sources */ = {isa = PBXBuildFile; fileRef = E3F7F9C124FE1DD9004DBE69 /* YapSmileSwitch.swift */; };
		E3F7F9D224FE1DD9004DBE69 /* BaseControl.swift in Sources */ = {isa = PBXBuildFile; fileRef = E3F7F9C224FE1DD9004DBE69 /* BaseControl.swift */; };
		E3F7F9D324FE1DD9004DBE69 /* YapSwitch.swift in Sources */ = {isa = PBXBuildFile; fileRef = E3F7F9C324FE1DD9004DBE69 /* YapSwitch.swift */; };
		E3F7F9D424FE1DD9004DBE69 /* CALayer+Extension.swift in Sources */ = {isa = PBXBuildFile; fileRef = E3F7F9C424FE1DD9004DBE69 /* CALayer+Extension.swift */; };
		E3F7F9D524FE1DD9004DBE69 /* Switches.swift in Sources */ = {isa = PBXBuildFile; fileRef = E3F7F9C524FE1DD9004DBE69 /* Switches.swift */; };
		E3F7F9D624FE1DD9004DBE69 /* JDNavigationController.swift in Sources */ = {isa = PBXBuildFile; fileRef = E3F7F9C724FE1DD9004DBE69 /* JDNavigationController.swift */; };
		E3F7F9D724FE1DD9004DBE69 /* JDNavigationBar.swift in Sources */ = {isa = PBXBuildFile; fileRef = E3F7F9C824FE1DD9004DBE69 /* JDNavigationBar.swift */; };
		E3F7F9D824FE1DD9004DBE69 /* Switches.h in Headers */ = {isa = PBXBuildFile; fileRef = E3F7F9C924FE1DD9004DBE69 /* Switches.h */; settings = {ATTRIBUTES = (Public, ); }; };
/* End PBXBuildFile section */

/* Begin PBXContainerItemProxy section */
		E30C48BC24FAE6930049D5C3 /* PBXContainerItemProxy */ = {
			isa = PBXContainerItemProxy;
			containerPortal = E30C48A824FAE6930049D5C3 /* Project object */;
			proxyType = 1;
			remoteGlobalIDString = E30C48B024FAE6930049D5C3;
			remoteInfo = Switches;
		};
		E30C48FF24FAE7420049D5C3 /* PBXContainerItemProxy */ = {
			isa = PBXContainerItemProxy;
			containerPortal = E30C48A824FAE6930049D5C3 /* Project object */;
			proxyType = 1;
			remoteGlobalIDString = E30C48E824FAE73F0049D5C3;
			remoteInfo = SwitchesDemo;
		};
		E30C490A24FAE7420049D5C3 /* PBXContainerItemProxy */ = {
			isa = PBXContainerItemProxy;
			containerPortal = E30C48A824FAE6930049D5C3 /* Project object */;
			proxyType = 1;
			remoteGlobalIDString = E30C48E824FAE73F0049D5C3;
			remoteInfo = SwitchesDemo;
		};
/* End PBXContainerItemProxy section */

/* Begin PBXFileReference section */
		E30C48B124FAE6930049D5C3 /* Switches.framework */ = {isa = PBXFileReference; explicitFileType = wrapper.framework; includeInIndex = 0; path = Switches.framework; sourceTree = BUILT_PRODUCTS_DIR; };
		E30C48BA24FAE6930049D5C3 /* SwitchesTests.xctest */ = {isa = PBXFileReference; explicitFileType = wrapper.cfbundle; includeInIndex = 0; path = SwitchesTests.xctest; sourceTree = BUILT_PRODUCTS_DIR; };
		E30C48BF24FAE6930049D5C3 /* SwitchesTests.swift */ = {isa = PBXFileReference; lastKnownFileType = sourcecode.swift; path = SwitchesTests.swift; sourceTree = "<group>"; };
		E30C48C124FAE6930049D5C3 /* Info.plist */ = {isa = PBXFileReference; lastKnownFileType = text.plist.xml; path = Info.plist; sourceTree = "<group>"; };
		E30C48E924FAE73F0049D5C3 /* SwitchesDemo.app */ = {isa = PBXFileReference; explicitFileType = wrapper.application; includeInIndex = 0; path = SwitchesDemo.app; sourceTree = BUILT_PRODUCTS_DIR; };
		E30C48F924FAE7420049D5C3 /* Info.plist */ = {isa = PBXFileReference; lastKnownFileType = text.plist.xml; path = Info.plist; sourceTree = "<group>"; };
		E30C48FE24FAE7420049D5C3 /* SwitchesDemoTests.xctest */ = {isa = PBXFileReference; explicitFileType = wrapper.cfbundle; includeInIndex = 0; path = SwitchesDemoTests.xctest; sourceTree = BUILT_PRODUCTS_DIR; };
		E30C490224FAE7420049D5C3 /* SwitchesDemoTests.swift */ = {isa = PBXFileReference; lastKnownFileType = sourcecode.swift; path = SwitchesDemoTests.swift; sourceTree = "<group>"; };
		E30C490424FAE7420049D5C3 /* Info.plist */ = {isa = PBXFileReference; lastKnownFileType = text.plist.xml; path = Info.plist; sourceTree = "<group>"; };
		E30C490924FAE7420049D5C3 /* SwitchesDemoUITests.xctest */ = {isa = PBXFileReference; explicitFileType = wrapper.cfbundle; includeInIndex = 0; path = SwitchesDemoUITests.xctest; sourceTree = BUILT_PRODUCTS_DIR; };
		E30C490D24FAE7420049D5C3 /* SwitchesDemoUITests.swift */ = {isa = PBXFileReference; lastKnownFileType = sourcecode.swift; path = SwitchesDemoUITests.swift; sourceTree = "<group>"; };
		E30C490F24FAE7420049D5C3 /* Info.plist */ = {isa = PBXFileReference; lastKnownFileType = text.plist.xml; path = Info.plist; sourceTree = "<group>"; };
		E30C491A24FAE76F0049D5C3 /* AppDelegate.swift */ = {isa = PBXFileReference; fileEncoding = 4; lastKnownFileType = sourcecode.swift; path = AppDelegate.swift; sourceTree = "<group>"; };
		E30C491B24FAE76F0049D5C3 /* SceneDelegate.swift */ = {isa = PBXFileReference; fileEncoding = 4; lastKnownFileType = sourcecode.swift; path = SceneDelegate.swift; sourceTree = "<group>"; };
		E30C491E24FAE76F0049D5C3 /* Base */ = {isa = PBXFileReference; lastKnownFileType = file.storyboard; name = Base; path = Base.lproj/LaunchScreen.storyboard; sourceTree = "<group>"; };
		E30C492024FAE76F0049D5C3 /* Base */ = {isa = PBXFileReference; lastKnownFileType = file.storyboard; name = Base; path = Base.lproj/Main.storyboard; sourceTree = "<group>"; };
		E30C492224FAE76F0049D5C3 /* SmileyViewController.swift */ = {isa = PBXFileReference; fileEncoding = 4; lastKnownFileType = sourcecode.swift; path = SmileyViewController.swift; sourceTree = "<group>"; };
		E30C492324FAE76F0049D5C3 /* ViewController.swift */ = {isa = PBXFileReference; fileEncoding = 4; lastKnownFileType = sourcecode.swift; path = ViewController.swift; sourceTree = "<group>"; };
		E30C492524FAE76F0049D5C3 /* CollectionViewCell.swift */ = {isa = PBXFileReference; fileEncoding = 4; lastKnownFileType = sourcecode.swift; path = CollectionViewCell.swift; sourceTree = "<group>"; };
		E30C492624FAE76F0049D5C3 /* ModeSwitchesViewController.swift */ = {isa = PBXFileReference; fileEncoding = 4; lastKnownFileType = sourcecode.swift; path = ModeSwitchesViewController.swift; sourceTree = "<group>"; };
		E30C492724FAE76F0049D5C3 /* GradientSwitchesViewController.swift */ = {isa = PBXFileReference; fileEncoding = 4; lastKnownFileType = sourcecode.swift; path = GradientSwitchesViewController.swift; sourceTree = "<group>"; };
		E30C492824FAE76F0049D5C3 /* RandomViewController.swift */ = {isa = PBXFileReference; fileEncoding = 4; lastKnownFileType = sourcecode.swift; path = RandomViewController.swift; sourceTree = "<group>"; };
		E30C492924FAE76F0049D5C3 /* ModeBSwitchesViewController.swift */ = {isa = PBXFileReference; fileEncoding = 4; lastKnownFileType = sourcecode.swift; path = ModeBSwitchesViewController.swift; sourceTree = "<group>"; };
		E30C492A24FAE76F0049D5C3 /* SwiftyViewController.swift */ = {isa = PBXFileReference; fileEncoding = 4; lastKnownFileType = sourcecode.swift; path = SwiftyViewController.swift; sourceTree = "<group>"; };
		E30C492B24FAE76F0049D5C3 /* AnimatedSwitchesViewController.swift */ = {isa = PBXFileReference; fileEncoding = 4; lastKnownFileType = sourcecode.swift; path = AnimatedSwitchesViewController.swift; sourceTree = "<group>"; };
		E30C492C24FAE76F0049D5C3 /* ThumbImageSwitchesViewController.swift */ = {isa = PBXFileReference; fileEncoding = 4; lastKnownFileType = sourcecode.swift; path = ThumbImageSwitchesViewController.swift; sourceTree = "<group>"; };
		E30C492D24FAE76F0049D5C3 /* LoadingSwitchesViewController.swift */ = {isa = PBXFileReference; fileEncoding = 4; lastKnownFileType = sourcecode.swift; path = LoadingSwitchesViewController.swift; sourceTree = "<group>"; };
		E30C492E24FAE76F0049D5C3 /* JellySwitchesViewController.swift */ = {isa = PBXFileReference; fileEncoding = 4; lastKnownFileType = sourcecode.swift; path = JellySwitchesViewController.swift; sourceTree = "<group>"; };
		E30C494224FAE7BC0049D5C3 /* Assets.xcassets */ = {isa = PBXFileReference; lastKnownFileType = folder.assetcatalog; path = Assets.xcassets; sourceTree = "<group>"; };
		E30C494624FAE8350049D5C3 /* SwitchType.swift */ = {isa = PBXFileReference; fileEncoding = 4; lastKnownFileType = sourcecode.swift; path = SwitchType.swift; sourceTree = "<group>"; };
		E3F7F99324FE171C004DBE69 /* README.md */ = {isa = PBXFileReference; fileEncoding = 4; lastKnownFileType = net.daringfireball.markdown; path = README.md; sourceTree = SOURCE_ROOT; };
		E3F7F9BB24FE1DD9004DBE69 /* Switcher.swift */ = {isa = PBXFileReference; fileEncoding = 4; lastKnownFileType = sourcecode.swift; path = Switcher.swift; sourceTree = "<group>"; };
		E3F7F9BC24FE1DD9004DBE69 /* YapBaseSwitch.swift */ = {isa = PBXFileReference; fileEncoding = 4; lastKnownFileType = sourcecode.swift; path = YapBaseSwitch.swift; sourceTree = "<group>"; };
		E3F7F9BD24FE1DD9004DBE69 /* JDSwitch.swift */ = {isa = PBXFileReference; fileEncoding = 4; lastKnownFileType = sourcecode.swift; path = JDSwitch.swift; sourceTree = "<group>"; };
		E3F7F9BE24FE1DD9004DBE69 /* YapLiquidSwitch.swift */ = {isa = PBXFileReference; fileEncoding = 4; lastKnownFileType = sourcecode.swift; path = YapLiquidSwitch.swift; sourceTree = "<group>"; };
		E3F7F9BF24FE1DD9004DBE69 /* UIImage+Extension.swift */ = {isa = PBXFileReference; fileEncoding = 4; lastKnownFileType = sourcecode.swift; path = "UIImage+Extension.swift"; sourceTree = "<group>"; };
		E3F7F9C024FE1DD9004DBE69 /* SDSwitch.swift */ = {isa = PBXFileReference; fileEncoding = 4; lastKnownFileType = sourcecode.swift; path = SDSwitch.swift; sourceTree = "<group>"; };
		E3F7F9C124FE1DD9004DBE69 /* YapSmileSwitch.swift */ = {isa = PBXFileReference; fileEncoding = 4; lastKnownFileType = sourcecode.swift; path = YapSmileSwitch.swift; sourceTree = "<group>"; };
		E3F7F9C224FE1DD9004DBE69 /* BaseControl.swift */ = {isa = PBXFileReference; fileEncoding = 4; lastKnownFileType = sourcecode.swift; path = BaseControl.swift; sourceTree = "<group>"; };
		E3F7F9C324FE1DD9004DBE69 /* YapSwitch.swift */ = {isa = PBXFileReference; fileEncoding = 4; lastKnownFileType = sourcecode.swift; path = YapSwitch.swift; sourceTree = "<group>"; };
		E3F7F9C424FE1DD9004DBE69 /* CALayer+Extension.swift */ = {isa = PBXFileReference; fileEncoding = 4; lastKnownFileType = sourcecode.swift; path = "CALayer+Extension.swift"; sourceTree = "<group>"; };
		E3F7F9C524FE1DD9004DBE69 /* Switches.swift */ = {isa = PBXFileReference; fileEncoding = 4; lastKnownFileType = sourcecode.swift; path = Switches.swift; sourceTree = "<group>"; };
		E3F7F9C724FE1DD9004DBE69 /* JDNavigationController.swift */ = {isa = PBXFileReference; fileEncoding = 4; lastKnownFileType = sourcecode.swift; path = JDNavigationController.swift; sourceTree = "<group>"; };
		E3F7F9C824FE1DD9004DBE69 /* JDNavigationBar.swift */ = {isa = PBXFileReference; fileEncoding = 4; lastKnownFileType = sourcecode.swift; path = JDNavigationBar.swift; sourceTree = "<group>"; };
		E3F7F9C924FE1DD9004DBE69 /* Switches.h */ = {isa = PBXFileReference; fileEncoding = 4; lastKnownFileType = sourcecode.c.h; path = Switches.h; sourceTree = "<group>"; };
		E3F7F9CA24FE1DD9004DBE69 /* Info.plist */ = {isa = PBXFileReference; fileEncoding = 4; lastKnownFileType = text.plist.xml; path = Info.plist; sourceTree = "<group>"; };
/* End PBXFileReference section */

/* Begin PBXFrameworksBuildPhase section */
		E30C48AE24FAE6930049D5C3 /* Frameworks */ = {
			isa = PBXFrameworksBuildPhase;
			buildActionMask = 2147483647;
			files = (
			);
			runOnlyForDeploymentPostprocessing = 0;
		};
		E30C48B724FAE6930049D5C3 /* Frameworks */ = {
			isa = PBXFrameworksBuildPhase;
			buildActionMask = 2147483647;
			files = (
				E30C48BB24FAE6930049D5C3 /* Switches.framework in Frameworks */,
			);
			runOnlyForDeploymentPostprocessing = 0;
		};
		E30C48E624FAE73F0049D5C3 /* Frameworks */ = {
			isa = PBXFrameworksBuildPhase;
			buildActionMask = 2147483647;
			files = (
			);
			runOnlyForDeploymentPostprocessing = 0;
		};
		E30C48FB24FAE7420049D5C3 /* Frameworks */ = {
			isa = PBXFrameworksBuildPhase;
			buildActionMask = 2147483647;
			files = (
			);
			runOnlyForDeploymentPostprocessing = 0;
		};
		E30C490624FAE7420049D5C3 /* Frameworks */ = {
			isa = PBXFrameworksBuildPhase;
			buildActionMask = 2147483647;
			files = (
			);
			runOnlyForDeploymentPostprocessing = 0;
		};
/* End PBXFrameworksBuildPhase section */

/* Begin PBXGroup section */
		E30C48A724FAE6930049D5C3 = {
			isa = PBXGroup;
			children = (
				E3F7F99324FE171C004DBE69 /* README.md */,
				E3F7F9B924FE1DD9004DBE69 /* Sources */,
				E3F7F99624FE1779004DBE69 /* Tests */,
				E30C48EA24FAE73F0049D5C3 /* SwitchesDemo */,
				E30C490124FAE7420049D5C3 /* SwitchesDemoTests */,
				E30C490C24FAE7420049D5C3 /* SwitchesDemoUITests */,
				E30C48B224FAE6930049D5C3 /* Products */,
			);
			sourceTree = "<group>";
		};
		E30C48B224FAE6930049D5C3 /* Products */ = {
			isa = PBXGroup;
			children = (
				E30C48B124FAE6930049D5C3 /* Switches.framework */,
				E30C48BA24FAE6930049D5C3 /* SwitchesTests.xctest */,
				E30C48E924FAE73F0049D5C3 /* SwitchesDemo.app */,
				E30C48FE24FAE7420049D5C3 /* SwitchesDemoTests.xctest */,
				E30C490924FAE7420049D5C3 /* SwitchesDemoUITests.xctest */,
			);
			name = Products;
			sourceTree = "<group>";
		};
		E30C48BE24FAE6930049D5C3 /* SwitchesTests */ = {
			isa = PBXGroup;
			children = (
				E30C48BF24FAE6930049D5C3 /* SwitchesTests.swift */,
				E30C48C124FAE6930049D5C3 /* Info.plist */,
			);
			path = SwitchesTests;
			sourceTree = "<group>";
		};
		E30C48EA24FAE73F0049D5C3 /* SwitchesDemo */ = {
			isa = PBXGroup;
			children = (
				E30C494524FAE8350049D5C3 /* Model */,
				E30C491924FAE76F0049D5C3 /* Application */,
				E30C492124FAE76F0049D5C3 /* Controllers */,
				E30C491C24FAE76F0049D5C3 /* Storyboard */,
				E30C494124FAE7BC0049D5C3 /* Resources */,
			);
			path = SwitchesDemo;
			sourceTree = "<group>";
		};
		E30C490124FAE7420049D5C3 /* SwitchesDemoTests */ = {
			isa = PBXGroup;
			children = (
				E30C490224FAE7420049D5C3 /* SwitchesDemoTests.swift */,
				E30C490424FAE7420049D5C3 /* Info.plist */,
			);
			path = SwitchesDemoTests;
			sourceTree = "<group>";
		};
		E30C490C24FAE7420049D5C3 /* SwitchesDemoUITests */ = {
			isa = PBXGroup;
			children = (
				E30C490D24FAE7420049D5C3 /* SwitchesDemoUITests.swift */,
				E30C490F24FAE7420049D5C3 /* Info.plist */,
			);
			path = SwitchesDemoUITests;
			sourceTree = "<group>";
		};
		E30C491924FAE76F0049D5C3 /* Application */ = {
			isa = PBXGroup;
			children = (
				E30C491A24FAE76F0049D5C3 /* AppDelegate.swift */,
				E30C491B24FAE76F0049D5C3 /* SceneDelegate.swift */,
			);
			path = Application;
			sourceTree = "<group>";
		};
		E30C491C24FAE76F0049D5C3 /* Storyboard */ = {
			isa = PBXGroup;
			children = (
				E30C491D24FAE76F0049D5C3 /* LaunchScreen.storyboard */,
				E30C491F24FAE76F0049D5C3 /* Main.storyboard */,
			);
			path = Storyboard;
			sourceTree = "<group>";
		};
		E30C492124FAE76F0049D5C3 /* Controllers */ = {
			isa = PBXGroup;
			children = (
				E30C492424FAE76F0049D5C3 /* CollectionViewCell */,
				E30C492224FAE76F0049D5C3 /* SmileyViewController.swift */,
				E30C492324FAE76F0049D5C3 /* ViewController.swift */,
				E30C492624FAE76F0049D5C3 /* ModeSwitchesViewController.swift */,
				E30C492724FAE76F0049D5C3 /* GradientSwitchesViewController.swift */,
				E30C492824FAE76F0049D5C3 /* RandomViewController.swift */,
				E30C492924FAE76F0049D5C3 /* ModeBSwitchesViewController.swift */,
				E30C492A24FAE76F0049D5C3 /* SwiftyViewController.swift */,
				E30C492B24FAE76F0049D5C3 /* AnimatedSwitchesViewController.swift */,
				E30C492C24FAE76F0049D5C3 /* ThumbImageSwitchesViewController.swift */,
				E30C492D24FAE76F0049D5C3 /* LoadingSwitchesViewController.swift */,
				E30C492E24FAE76F0049D5C3 /* JellySwitchesViewController.swift */,
			);
			path = Controllers;
			sourceTree = "<group>";
		};
		E30C492424FAE76F0049D5C3 /* CollectionViewCell */ = {
			isa = PBXGroup;
			children = (
				E30C492524FAE76F0049D5C3 /* CollectionViewCell.swift */,
			);
			path = CollectionViewCell;
			sourceTree = "<group>";
		};
		E30C494124FAE7BC0049D5C3 /* Resources */ = {
			isa = PBXGroup;
			children = (
				E30C494224FAE7BC0049D5C3 /* Assets.xcassets */,
				E30C48F924FAE7420049D5C3 /* Info.plist */,
			);
			path = Resources;
			sourceTree = "<group>";
		};
		E30C494524FAE8350049D5C3 /* Model */ = {
			isa = PBXGroup;
			children = (
				E30C494624FAE8350049D5C3 /* SwitchType.swift */,
			);
			path = Model;
			sourceTree = "<group>";
		};
		E3F7F99624FE1779004DBE69 /* Tests */ = {
			isa = PBXGroup;
			children = (
				E30C48BE24FAE6930049D5C3 /* SwitchesTests */,
			);
			path = Tests;
			sourceTree = "<group>";
		};
		E3F7F9B924FE1DD9004DBE69 /* Sources */ = {
			isa = PBXGroup;
			children = (
				E3F7F9BA24FE1DD9004DBE69 /* Switches */,
				E3F7F9C524FE1DD9004DBE69 /* Switches.swift */,
				E3F7F9C624FE1DD9004DBE69 /* Navigation */,
				E3F7F9C924FE1DD9004DBE69 /* Switches.h */,
				E3F7F9CA24FE1DD9004DBE69 /* Info.plist */,
			);
			path = Sources;
			sourceTree = "<group>";
		};
		E3F7F9BA24FE1DD9004DBE69 /* Switches */ = {
			isa = PBXGroup;
			children = (
				E3F7F9BB24FE1DD9004DBE69 /* Switcher.swift */,
				E3F7F9BC24FE1DD9004DBE69 /* YapBaseSwitch.swift */,
				E3F7F9BD24FE1DD9004DBE69 /* JDSwitch.swift */,
				E3F7F9BE24FE1DD9004DBE69 /* YapLiquidSwitch.swift */,
				E3F7F9BF24FE1DD9004DBE69 /* UIImage+Extension.swift */,
				E3F7F9C024FE1DD9004DBE69 /* SDSwitch.swift */,
				E3F7F9C124FE1DD9004DBE69 /* YapSmileSwitch.swift */,
				E3F7F9C224FE1DD9004DBE69 /* BaseControl.swift */,
				E3F7F9C324FE1DD9004DBE69 /* YapSwitch.swift */,
				E3F7F9C424FE1DD9004DBE69 /* CALayer+Extension.swift */,
			);
			path = Switches;
			sourceTree = "<group>";
		};
		E3F7F9C624FE1DD9004DBE69 /* Navigation */ = {
			isa = PBXGroup;
			children = (
				E3F7F9C724FE1DD9004DBE69 /* JDNavigationController.swift */,
				E3F7F9C824FE1DD9004DBE69 /* JDNavigationBar.swift */,
			);
			path = Navigation;
			sourceTree = "<group>";
		};
/* End PBXGroup section */

/* Begin PBXHeadersBuildPhase section */
		E30C48AC24FAE6930049D5C3 /* Headers */ = {
			isa = PBXHeadersBuildPhase;
			buildActionMask = 2147483647;
			files = (
				E3F7F9D824FE1DD9004DBE69 /* Switches.h in Headers */,
			);
			runOnlyForDeploymentPostprocessing = 0;
		};
/* End PBXHeadersBuildPhase section */

/* Begin PBXNativeTarget section */
		E30C48B024FAE6930049D5C3 /* Switches */ = {
			isa = PBXNativeTarget;
			buildConfigurationList = E30C48C524FAE6930049D5C3 /* Build configuration list for PBXNativeTarget "Switches" */;
			buildPhases = (
				E30C48AC24FAE6930049D5C3 /* Headers */,
				E30C48AD24FAE6930049D5C3 /* Sources */,
				E30C48AE24FAE6930049D5C3 /* Frameworks */,
				E30C48AF24FAE6930049D5C3 /* Resources */,
			);
			buildRules = (
			);
			dependencies = (
			);
			name = Switches;
			productName = Switches;
			productReference = E30C48B124FAE6930049D5C3 /* Switches.framework */;
			productType = "com.apple.product-type.framework";
		};
		E30C48B924FAE6930049D5C3 /* SwitchesTests */ = {
			isa = PBXNativeTarget;
			buildConfigurationList = E30C48C824FAE6930049D5C3 /* Build configuration list for PBXNativeTarget "SwitchesTests" */;
			buildPhases = (
				E30C48B624FAE6930049D5C3 /* Sources */,
				E30C48B724FAE6930049D5C3 /* Frameworks */,
				E30C48B824FAE6930049D5C3 /* Resources */,
			);
			buildRules = (
			);
			dependencies = (
				E30C48BD24FAE6930049D5C3 /* PBXTargetDependency */,
			);
			name = SwitchesTests;
			productName = SwitchesTests;
			productReference = E30C48BA24FAE6930049D5C3 /* SwitchesTests.xctest */;
			productType = "com.apple.product-type.bundle.unit-test";
		};
		E30C48E824FAE73F0049D5C3 /* SwitchesDemo */ = {
			isa = PBXNativeTarget;
			buildConfigurationList = E30C491024FAE7420049D5C3 /* Build configuration list for PBXNativeTarget "SwitchesDemo" */;
			buildPhases = (
				E30C48E524FAE73F0049D5C3 /* Sources */,
				E30C48E624FAE73F0049D5C3 /* Frameworks */,
				E30C48E724FAE73F0049D5C3 /* Resources */,
			);
			buildRules = (
			);
			dependencies = (
			);
			name = SwitchesDemo;
			productName = SwitchesDemo;
			productReference = E30C48E924FAE73F0049D5C3 /* SwitchesDemo.app */;
			productType = "com.apple.product-type.application";
		};
		E30C48FD24FAE7420049D5C3 /* SwitchesDemoTests */ = {
			isa = PBXNativeTarget;
			buildConfigurationList = E30C491324FAE7420049D5C3 /* Build configuration list for PBXNativeTarget "SwitchesDemoTests" */;
			buildPhases = (
				E30C48FA24FAE7420049D5C3 /* Sources */,
				E30C48FB24FAE7420049D5C3 /* Frameworks */,
				E30C48FC24FAE7420049D5C3 /* Resources */,
			);
			buildRules = (
			);
			dependencies = (
				E30C490024FAE7420049D5C3 /* PBXTargetDependency */,
			);
			name = SwitchesDemoTests;
			productName = SwitchesDemoTests;
			productReference = E30C48FE24FAE7420049D5C3 /* SwitchesDemoTests.xctest */;
			productType = "com.apple.product-type.bundle.unit-test";
		};
		E30C490824FAE7420049D5C3 /* SwitchesDemoUITests */ = {
			isa = PBXNativeTarget;
			buildConfigurationList = E30C491624FAE7420049D5C3 /* Build configuration list for PBXNativeTarget "SwitchesDemoUITests" */;
			buildPhases = (
				E30C490524FAE7420049D5C3 /* Sources */,
				E30C490624FAE7420049D5C3 /* Frameworks */,
				E30C490724FAE7420049D5C3 /* Resources */,
			);
			buildRules = (
			);
			dependencies = (
				E30C490B24FAE7420049D5C3 /* PBXTargetDependency */,
			);
			name = SwitchesDemoUITests;
			productName = SwitchesDemoUITests;
			productReference = E30C490924FAE7420049D5C3 /* SwitchesDemoUITests.xctest */;
			productType = "com.apple.product-type.bundle.ui-testing";
		};
/* End PBXNativeTarget section */

/* Begin PBXProject section */
		E30C48A824FAE6930049D5C3 /* Project object */ = {
			isa = PBXProject;
			attributes = {
				LastSwiftUpdateCheck = 1140;
				LastUpgradeCheck = 1140;
				ORGANIZATIONNAME = "Jawad Ali";
				TargetAttributes = {
					E30C48B024FAE6930049D5C3 = {
						CreatedOnToolsVersion = 11.4.1;
					};
					E30C48B924FAE6930049D5C3 = {
						CreatedOnToolsVersion = 11.4.1;
					};
					E30C48E824FAE73F0049D5C3 = {
						CreatedOnToolsVersion = 11.4.1;
					};
					E30C48FD24FAE7420049D5C3 = {
						CreatedOnToolsVersion = 11.4.1;
						TestTargetID = E30C48E824FAE73F0049D5C3;
					};
					E30C490824FAE7420049D5C3 = {
						CreatedOnToolsVersion = 11.4.1;
						TestTargetID = E30C48E824FAE73F0049D5C3;
					};
				};
			};
			buildConfigurationList = E30C48AB24FAE6930049D5C3 /* Build configuration list for PBXProject "Switches" */;
			compatibilityVersion = "Xcode 9.3";
			developmentRegion = en;
			hasScannedForEncodings = 0;
			knownRegions = (
				en,
				Base,
			);
			mainGroup = E30C48A724FAE6930049D5C3;
			productRefGroup = E30C48B224FAE6930049D5C3 /* Products */;
			projectDirPath = "";
			projectRoot = "";
			targets = (
				E30C48B024FAE6930049D5C3 /* Switches */,
				E30C48B924FAE6930049D5C3 /* SwitchesTests */,
				E30C48E824FAE73F0049D5C3 /* SwitchesDemo */,
				E30C48FD24FAE7420049D5C3 /* SwitchesDemoTests */,
				E30C490824FAE7420049D5C3 /* SwitchesDemoUITests */,
			);
		};
/* End PBXProject section */

/* Begin PBXResourcesBuildPhase section */
		E30C48AF24FAE6930049D5C3 /* Resources */ = {
			isa = PBXResourcesBuildPhase;
			buildActionMask = 2147483647;
			files = (
				E3F7F99424FE171C004DBE69 /* README.md in Resources */,
			);
			runOnlyForDeploymentPostprocessing = 0;
		};
		E30C48B824FAE6930049D5C3 /* Resources */ = {
			isa = PBXResourcesBuildPhase;
			buildActionMask = 2147483647;
			files = (
			);
			runOnlyForDeploymentPostprocessing = 0;
		};
		E30C48E724FAE73F0049D5C3 /* Resources */ = {
			isa = PBXResourcesBuildPhase;
			buildActionMask = 2147483647;
			files = (
				E30C493224FAE76F0049D5C3 /* Main.storyboard in Resources */,
				E30C494824FAEB5B0049D5C3 /* Assets.xcassets in Resources */,
				E30C493124FAE76F0049D5C3 /* LaunchScreen.storyboard in Resources */,
			);
			runOnlyForDeploymentPostprocessing = 0;
		};
		E30C48FC24FAE7420049D5C3 /* Resources */ = {
			isa = PBXResourcesBuildPhase;
			buildActionMask = 2147483647;
			files = (
			);
			runOnlyForDeploymentPostprocessing = 0;
		};
		E30C490724FAE7420049D5C3 /* Resources */ = {
			isa = PBXResourcesBuildPhase;
			buildActionMask = 2147483647;
			files = (
			);
			runOnlyForDeploymentPostprocessing = 0;
		};
/* End PBXResourcesBuildPhase section */

/* Begin PBXSourcesBuildPhase section */
		E30C48AD24FAE6930049D5C3 /* Sources */ = {
			isa = PBXSourcesBuildPhase;
			buildActionMask = 2147483647;
			files = (
				E3F7F9D224FE1DD9004DBE69 /* BaseControl.swift in Sources */,
				E3F7F9D624FE1DD9004DBE69 /* JDNavigationController.swift in Sources */,
				E3F7F9CE24FE1DD9004DBE69 /* YapLiquidSwitch.swift in Sources */,
				E3F7F9D524FE1DD9004DBE69 /* Switches.swift in Sources */,
				E3F7F9CB24FE1DD9004DBE69 /* Switcher.swift in Sources */,
				E3F7F9D424FE1DD9004DBE69 /* CALayer+Extension.swift in Sources */,
				E3F7F9D324FE1DD9004DBE69 /* YapSwitch.swift in Sources */,
				E3F7F9CF24FE1DD9004DBE69 /* UIImage+Extension.swift in Sources */,
				E3F7F9D124FE1DD9004DBE69 /* YapSmileSwitch.swift in Sources */,
				E3F7F9CD24FE1DD9004DBE69 /* JDSwitch.swift in Sources */,
				E3F7F9D024FE1DD9004DBE69 /* SDSwitch.swift in Sources */,
				E3F7F9CC24FE1DD9004DBE69 /* YapBaseSwitch.swift in Sources */,
				E3F7F9D724FE1DD9004DBE69 /* JDNavigationBar.swift in Sources */,
			);
			runOnlyForDeploymentPostprocessing = 0;
		};
		E30C48B624FAE6930049D5C3 /* Sources */ = {
			isa = PBXSourcesBuildPhase;
			buildActionMask = 2147483647;
			files = (
				E30C48C024FAE6930049D5C3 /* SwitchesTests.swift in Sources */,
			);
			runOnlyForDeploymentPostprocessing = 0;
		};
		E30C48E524FAE73F0049D5C3 /* Sources */ = {
			isa = PBXSourcesBuildPhase;
			buildActionMask = 2147483647;
			files = (
				E30C494724FAE8350049D5C3 /* SwitchType.swift in Sources */,
				E30C493724FAE76F0049D5C3 /* GradientSwitchesViewController.swift in Sources */,
				E30C493824FAE76F0049D5C3 /* RandomViewController.swift in Sources */,
				E30C493A24FAE76F0049D5C3 /* SwiftyViewController.swift in Sources */,
				E30C493E24FAE76F0049D5C3 /* JellySwitchesViewController.swift in Sources */,
				E30C493C24FAE76F0049D5C3 /* ThumbImageSwitchesViewController.swift in Sources */,
				E30C493024FAE76F0049D5C3 /* SceneDelegate.swift in Sources */,
				E30C493324FAE76F0049D5C3 /* SmileyViewController.swift in Sources */,
				E30C493B24FAE76F0049D5C3 /* AnimatedSwitchesViewController.swift in Sources */,
				E30C493524FAE76F0049D5C3 /* CollectionViewCell.swift in Sources */,
				E30C492F24FAE76F0049D5C3 /* AppDelegate.swift in Sources */,
				E30C493624FAE76F0049D5C3 /* ModeSwitchesViewController.swift in Sources */,
				E30C493924FAE76F0049D5C3 /* ModeBSwitchesViewController.swift in Sources */,
				E30C493424FAE76F0049D5C3 /* ViewController.swift in Sources */,
				E30C493D24FAE76F0049D5C3 /* LoadingSwitchesViewController.swift in Sources */,
			);
			runOnlyForDeploymentPostprocessing = 0;
		};
		E30C48FA24FAE7420049D5C3 /* Sources */ = {
			isa = PBXSourcesBuildPhase;
			buildActionMask = 2147483647;
			files = (
				E30C490324FAE7420049D5C3 /* SwitchesDemoTests.swift in Sources */,
			);
			runOnlyForDeploymentPostprocessing = 0;
		};
		E30C490524FAE7420049D5C3 /* Sources */ = {
			isa = PBXSourcesBuildPhase;
			buildActionMask = 2147483647;
			files = (
				E30C490E24FAE7420049D5C3 /* SwitchesDemoUITests.swift in Sources */,
			);
			runOnlyForDeploymentPostprocessing = 0;
		};
/* End PBXSourcesBuildPhase section */

/* Begin PBXTargetDependency section */
		E30C48BD24FAE6930049D5C3 /* PBXTargetDependency */ = {
			isa = PBXTargetDependency;
			target = E30C48B024FAE6930049D5C3 /* Switches */;
			targetProxy = E30C48BC24FAE6930049D5C3 /* PBXContainerItemProxy */;
		};
		E30C490024FAE7420049D5C3 /* PBXTargetDependency */ = {
			isa = PBXTargetDependency;
			target = E30C48E824FAE73F0049D5C3 /* SwitchesDemo */;
			targetProxy = E30C48FF24FAE7420049D5C3 /* PBXContainerItemProxy */;
		};
		E30C490B24FAE7420049D5C3 /* PBXTargetDependency */ = {
			isa = PBXTargetDependency;
			target = E30C48E824FAE73F0049D5C3 /* SwitchesDemo */;
			targetProxy = E30C490A24FAE7420049D5C3 /* PBXContainerItemProxy */;
		};
/* End PBXTargetDependency section */

/* Begin PBXVariantGroup section */
		E30C491D24FAE76F0049D5C3 /* LaunchScreen.storyboard */ = {
			isa = PBXVariantGroup;
			children = (
				E30C491E24FAE76F0049D5C3 /* Base */,
			);
			name = LaunchScreen.storyboard;
			sourceTree = "<group>";
		};
		E30C491F24FAE76F0049D5C3 /* Main.storyboard */ = {
			isa = PBXVariantGroup;
			children = (
				E30C492024FAE76F0049D5C3 /* Base */,
			);
			name = Main.storyboard;
			sourceTree = "<group>";
		};
/* End PBXVariantGroup section */

/* Begin XCBuildConfiguration section */
		E30C48C324FAE6930049D5C3 /* Debug */ = {
			isa = XCBuildConfiguration;
			buildSettings = {
				ALWAYS_SEARCH_USER_PATHS = NO;
				CLANG_ANALYZER_NONNULL = YES;
				CLANG_ANALYZER_NUMBER_OBJECT_CONVERSION = YES_AGGRESSIVE;
				CLANG_CXX_LANGUAGE_STANDARD = "gnu++14";
				CLANG_CXX_LIBRARY = "libc++";
				CLANG_ENABLE_MODULES = YES;
				CLANG_ENABLE_OBJC_ARC = YES;
				CLANG_ENABLE_OBJC_WEAK = YES;
				CLANG_WARN_BLOCK_CAPTURE_AUTORELEASING = YES;
				CLANG_WARN_BOOL_CONVERSION = YES;
				CLANG_WARN_COMMA = YES;
				CLANG_WARN_CONSTANT_CONVERSION = YES;
				CLANG_WARN_DEPRECATED_OBJC_IMPLEMENTATIONS = YES;
				CLANG_WARN_DIRECT_OBJC_ISA_USAGE = YES_ERROR;
				CLANG_WARN_DOCUMENTATION_COMMENTS = YES;
				CLANG_WARN_EMPTY_BODY = YES;
				CLANG_WARN_ENUM_CONVERSION = YES;
				CLANG_WARN_INFINITE_RECURSION = YES;
				CLANG_WARN_INT_CONVERSION = YES;
				CLANG_WARN_NON_LITERAL_NULL_CONVERSION = YES;
				CLANG_WARN_OBJC_IMPLICIT_RETAIN_SELF = YES;
				CLANG_WARN_OBJC_LITERAL_CONVERSION = YES;
				CLANG_WARN_OBJC_ROOT_CLASS = YES_ERROR;
				CLANG_WARN_RANGE_LOOP_ANALYSIS = YES;
				CLANG_WARN_STRICT_PROTOTYPES = YES;
				CLANG_WARN_SUSPICIOUS_MOVE = YES;
				CLANG_WARN_UNGUARDED_AVAILABILITY = YES_AGGRESSIVE;
				CLANG_WARN_UNREACHABLE_CODE = YES;
				CLANG_WARN__DUPLICATE_METHOD_MATCH = YES;
				COPY_PHASE_STRIP = NO;
				CURRENT_PROJECT_VERSION = 1;
				DEBUG_INFORMATION_FORMAT = dwarf;
				ENABLE_STRICT_OBJC_MSGSEND = YES;
				ENABLE_TESTABILITY = YES;
				GCC_C_LANGUAGE_STANDARD = gnu11;
				GCC_DYNAMIC_NO_PIC = NO;
				GCC_NO_COMMON_BLOCKS = YES;
				GCC_OPTIMIZATION_LEVEL = 0;
				GCC_PREPROCESSOR_DEFINITIONS = (
					"DEBUG=1",
					"$(inherited)",
				);
				GCC_WARN_64_TO_32_BIT_CONVERSION = YES;
				GCC_WARN_ABOUT_RETURN_TYPE = YES_ERROR;
				GCC_WARN_UNDECLARED_SELECTOR = YES;
				GCC_WARN_UNINITIALIZED_AUTOS = YES_AGGRESSIVE;
				GCC_WARN_UNUSED_FUNCTION = YES;
				GCC_WARN_UNUSED_VARIABLE = YES;
				IPHONEOS_DEPLOYMENT_TARGET = 13.4;
				MTL_ENABLE_DEBUG_INFO = INCLUDE_SOURCE;
				MTL_FAST_MATH = YES;
				ONLY_ACTIVE_ARCH = YES;
				SDKROOT = iphoneos;
				SWIFT_ACTIVE_COMPILATION_CONDITIONS = DEBUG;
				SWIFT_OPTIMIZATION_LEVEL = "-Onone";
				VERSIONING_SYSTEM = "apple-generic";
				VERSION_INFO_PREFIX = "";
			};
			name = Debug;
		};
		E30C48C424FAE6930049D5C3 /* Release */ = {
			isa = XCBuildConfiguration;
			buildSettings = {
				ALWAYS_SEARCH_USER_PATHS = NO;
				CLANG_ANALYZER_NONNULL = YES;
				CLANG_ANALYZER_NUMBER_OBJECT_CONVERSION = YES_AGGRESSIVE;
				CLANG_CXX_LANGUAGE_STANDARD = "gnu++14";
				CLANG_CXX_LIBRARY = "libc++";
				CLANG_ENABLE_MODULES = YES;
				CLANG_ENABLE_OBJC_ARC = YES;
				CLANG_ENABLE_OBJC_WEAK = YES;
				CLANG_WARN_BLOCK_CAPTURE_AUTORELEASING = YES;
				CLANG_WARN_BOOL_CONVERSION = YES;
				CLANG_WARN_COMMA = YES;
				CLANG_WARN_CONSTANT_CONVERSION = YES;
				CLANG_WARN_DEPRECATED_OBJC_IMPLEMENTATIONS = YES;
				CLANG_WARN_DIRECT_OBJC_ISA_USAGE = YES_ERROR;
				CLANG_WARN_DOCUMENTATION_COMMENTS = YES;
				CLANG_WARN_EMPTY_BODY = YES;
				CLANG_WARN_ENUM_CONVERSION = YES;
				CLANG_WARN_INFINITE_RECURSION = YES;
				CLANG_WARN_INT_CONVERSION = YES;
				CLANG_WARN_NON_LITERAL_NULL_CONVERSION = YES;
				CLANG_WARN_OBJC_IMPLICIT_RETAIN_SELF = YES;
				CLANG_WARN_OBJC_LITERAL_CONVERSION = YES;
				CLANG_WARN_OBJC_ROOT_CLASS = YES_ERROR;
				CLANG_WARN_RANGE_LOOP_ANALYSIS = YES;
				CLANG_WARN_STRICT_PROTOTYPES = YES;
				CLANG_WARN_SUSPICIOUS_MOVE = YES;
				CLANG_WARN_UNGUARDED_AVAILABILITY = YES_AGGRESSIVE;
				CLANG_WARN_UNREACHABLE_CODE = YES;
				CLANG_WARN__DUPLICATE_METHOD_MATCH = YES;
				COPY_PHASE_STRIP = NO;
				CURRENT_PROJECT_VERSION = 1;
				DEBUG_INFORMATION_FORMAT = "dwarf-with-dsym";
				ENABLE_NS_ASSERTIONS = NO;
				ENABLE_STRICT_OBJC_MSGSEND = YES;
				GCC_C_LANGUAGE_STANDARD = gnu11;
				GCC_NO_COMMON_BLOCKS = YES;
				GCC_WARN_64_TO_32_BIT_CONVERSION = YES;
				GCC_WARN_ABOUT_RETURN_TYPE = YES_ERROR;
				GCC_WARN_UNDECLARED_SELECTOR = YES;
				GCC_WARN_UNINITIALIZED_AUTOS = YES_AGGRESSIVE;
				GCC_WARN_UNUSED_FUNCTION = YES;
				GCC_WARN_UNUSED_VARIABLE = YES;
				IPHONEOS_DEPLOYMENT_TARGET = 13.4;
				MTL_ENABLE_DEBUG_INFO = NO;
				MTL_FAST_MATH = YES;
				SDKROOT = iphoneos;
				SWIFT_COMPILATION_MODE = wholemodule;
				SWIFT_OPTIMIZATION_LEVEL = "-O";
				VALIDATE_PRODUCT = YES;
				VERSIONING_SYSTEM = "apple-generic";
				VERSION_INFO_PREFIX = "";
			};
			name = Release;
		};
		E30C48C624FAE6930049D5C3 /* Debug */ = {
			isa = XCBuildConfiguration;
			buildSettings = {
				CODE_SIGN_STYLE = Automatic;
				DEFINES_MODULE = YES;
				DEVELOPMENT_TEAM = 7VBQS7JDYT;
				DYLIB_COMPATIBILITY_VERSION = 1;
				DYLIB_CURRENT_VERSION = 1;
				DYLIB_INSTALL_NAME_BASE = "@rpath";
				INFOPLIST_FILE = Sources/Info.plist;
				INSTALL_PATH = "$(LOCAL_LIBRARY_DIR)/Frameworks";
				LD_RUNPATH_SEARCH_PATHS = (
					"$(inherited)",
					"@executable_path/Frameworks",
					"@loader_path/Frameworks",
				);
				PRODUCT_BUNDLE_IDENTIFIER = XeroT.Switches;
				PRODUCT_NAME = "$(TARGET_NAME:c99extidentifier)";
				SKIP_INSTALL = YES;
				SWIFT_VERSION = 5.0;
				TARGETED_DEVICE_FAMILY = "1,2";
			};
			name = Debug;
		};
		E30C48C724FAE6930049D5C3 /* Release */ = {
			isa = XCBuildConfiguration;
			buildSettings = {
				CODE_SIGN_STYLE = Automatic;
				DEFINES_MODULE = YES;
				DEVELOPMENT_TEAM = 7VBQS7JDYT;
				DYLIB_COMPATIBILITY_VERSION = 1;
				DYLIB_CURRENT_VERSION = 1;
				DYLIB_INSTALL_NAME_BASE = "@rpath";
				INFOPLIST_FILE = Sources/Info.plist;
				INSTALL_PATH = "$(LOCAL_LIBRARY_DIR)/Frameworks";
				LD_RUNPATH_SEARCH_PATHS = (
					"$(inherited)",
					"@executable_path/Frameworks",
					"@loader_path/Frameworks",
				);
				PRODUCT_BUNDLE_IDENTIFIER = XeroT.Switches;
				PRODUCT_NAME = "$(TARGET_NAME:c99extidentifier)";
				SKIP_INSTALL = YES;
				SWIFT_VERSION = 5.0;
				TARGETED_DEVICE_FAMILY = "1,2";
			};
			name = Release;
		};
		E30C48C924FAE6930049D5C3 /* Debug */ = {
			isa = XCBuildConfiguration;
			buildSettings = {
				ALWAYS_EMBED_SWIFT_STANDARD_LIBRARIES = YES;
				CODE_SIGN_STYLE = Automatic;
				DEVELOPMENT_TEAM = 7VBQS7JDYT;
				INFOPLIST_FILE = SwitchesTests/Info.plist;
				LD_RUNPATH_SEARCH_PATHS = (
					"$(inherited)",
					"@executable_path/Frameworks",
					"@loader_path/Frameworks",
				);
				PRODUCT_BUNDLE_IDENTIFIER = XeroT.SwitchesTests;
				PRODUCT_NAME = "$(TARGET_NAME)";
				SWIFT_VERSION = 5.0;
				TARGETED_DEVICE_FAMILY = "1,2";
			};
			name = Debug;
		};
		E30C48CA24FAE6930049D5C3 /* Release */ = {
			isa = XCBuildConfiguration;
			buildSettings = {
				ALWAYS_EMBED_SWIFT_STANDARD_LIBRARIES = YES;
				CODE_SIGN_STYLE = Automatic;
				DEVELOPMENT_TEAM = 7VBQS7JDYT;
				INFOPLIST_FILE = SwitchesTests/Info.plist;
				LD_RUNPATH_SEARCH_PATHS = (
					"$(inherited)",
					"@executable_path/Frameworks",
					"@loader_path/Frameworks",
				);
				PRODUCT_BUNDLE_IDENTIFIER = XeroT.SwitchesTests;
				PRODUCT_NAME = "$(TARGET_NAME)";
				SWIFT_VERSION = 5.0;
				TARGETED_DEVICE_FAMILY = "1,2";
			};
			name = Release;
		};
		E30C491124FAE7420049D5C3 /* Debug */ = {
			isa = XCBuildConfiguration;
			buildSettings = {
				ASSETCATALOG_COMPILER_APPICON_NAME = AppIcon;
				CODE_SIGN_STYLE = Automatic;
				DEVELOPMENT_TEAM = 7VBQS7JDYT;
				INFOPLIST_FILE = SwitchesDemo/Resources/Info.plist;
				LD_RUNPATH_SEARCH_PATHS = (
					"$(inherited)",
					"@executable_path/Frameworks",
				);
				PRODUCT_BUNDLE_IDENTIFIER = XeroT.SwitchesDemo;
				PRODUCT_NAME = "$(TARGET_NAME)";
				SWIFT_VERSION = 5.0;
				TARGETED_DEVICE_FAMILY = "1,2";
			};
			name = Debug;
		};
		E30C491224FAE7420049D5C3 /* Release */ = {
			isa = XCBuildConfiguration;
			buildSettings = {
				ASSETCATALOG_COMPILER_APPICON_NAME = AppIcon;
				CODE_SIGN_STYLE = Automatic;
				DEVELOPMENT_TEAM = 7VBQS7JDYT;
				INFOPLIST_FILE = SwitchesDemo/Resources/Info.plist;
				LD_RUNPATH_SEARCH_PATHS = (
					"$(inherited)",
					"@executable_path/Frameworks",
				);
				PRODUCT_BUNDLE_IDENTIFIER = XeroT.SwitchesDemo;
				PRODUCT_NAME = "$(TARGET_NAME)";
				SWIFT_VERSION = 5.0;
				TARGETED_DEVICE_FAMILY = "1,2";
			};
			name = Release;
		};
		E30C491424FAE7420049D5C3 /* Debug */ = {
			isa = XCBuildConfiguration;
			buildSettings = {
				ALWAYS_EMBED_SWIFT_STANDARD_LIBRARIES = YES;
				BUNDLE_LOADER = "$(TEST_HOST)";
				CODE_SIGN_STYLE = Automatic;
				DEVELOPMENT_TEAM = 7VBQS7JDYT;
				INFOPLIST_FILE = SwitchesDemoTests/Info.plist;
				IPHONEOS_DEPLOYMENT_TARGET = 13.4;
				LD_RUNPATH_SEARCH_PATHS = (
					"$(inherited)",
					"@executable_path/Frameworks",
					"@loader_path/Frameworks",
				);
				PRODUCT_BUNDLE_IDENTIFIER = XeroT.SwitchesDemoTests;
				PRODUCT_NAME = "$(TARGET_NAME)";
				SWIFT_VERSION = 5.0;
				TARGETED_DEVICE_FAMILY = "1,2";
				TEST_HOST = "$(BUILT_PRODUCTS_DIR)/SwitchesDemo.app/SwitchesDemo";
			};
			name = Debug;
		};
		E30C491524FAE7420049D5C3 /* Release */ = {
			isa = XCBuildConfiguration;
			buildSettings = {
				ALWAYS_EMBED_SWIFT_STANDARD_LIBRARIES = YES;
				BUNDLE_LOADER = "$(TEST_HOST)";
				CODE_SIGN_STYLE = Automatic;
				DEVELOPMENT_TEAM = 7VBQS7JDYT;
				INFOPLIST_FILE = SwitchesDemoTests/Info.plist;
				IPHONEOS_DEPLOYMENT_TARGET = 13.4;
				LD_RUNPATH_SEARCH_PATHS = (
					"$(inherited)",
					"@executable_path/Frameworks",
					"@loader_path/Frameworks",
				);
				PRODUCT_BUNDLE_IDENTIFIER = XeroT.SwitchesDemoTests;
				PRODUCT_NAME = "$(TARGET_NAME)";
				SWIFT_VERSION = 5.0;
				TARGETED_DEVICE_FAMILY = "1,2";
				TEST_HOST = "$(BUILT_PRODUCTS_DIR)/SwitchesDemo.app/SwitchesDemo";
			};
			name = Release;
		};
		E30C491724FAE7420049D5C3 /* Debug */ = {
			isa = XCBuildConfiguration;
			buildSettings = {
				ALWAYS_EMBED_SWIFT_STANDARD_LIBRARIES = YES;
				CODE_SIGN_STYLE = Automatic;
				DEVELOPMENT_TEAM = 7VBQS7JDYT;
				INFOPLIST_FILE = SwitchesDemoUITests/Info.plist;
				LD_RUNPATH_SEARCH_PATHS = (
					"$(inherited)",
					"@executable_path/Frameworks",
					"@loader_path/Frameworks",
				);
				PRODUCT_BUNDLE_IDENTIFIER = XeroT.SwitchesDemoUITests;
				PRODUCT_NAME = "$(TARGET_NAME)";
				SWIFT_VERSION = 5.0;
				TARGETED_DEVICE_FAMILY = "1,2";
				TEST_TARGET_NAME = SwitchesDemo;
			};
			name = Debug;
		};
		E30C491824FAE7420049D5C3 /* Release */ = {
			isa = XCBuildConfiguration;
			buildSettings = {
				ALWAYS_EMBED_SWIFT_STANDARD_LIBRARIES = YES;
				CODE_SIGN_STYLE = Automatic;
				DEVELOPMENT_TEAM = 7VBQS7JDYT;
				INFOPLIST_FILE = SwitchesDemoUITests/Info.plist;
				LD_RUNPATH_SEARCH_PATHS = (
					"$(inherited)",
					"@executable_path/Frameworks",
					"@loader_path/Frameworks",
				);
				PRODUCT_BUNDLE_IDENTIFIER = XeroT.SwitchesDemoUITests;
				PRODUCT_NAME = "$(TARGET_NAME)";
				SWIFT_VERSION = 5.0;
				TARGETED_DEVICE_FAMILY = "1,2";
				TEST_TARGET_NAME = SwitchesDemo;
			};
			name = Release;
		};
/* End XCBuildConfiguration section */

/* Begin XCConfigurationList section */
		E30C48AB24FAE6930049D5C3 /* Build configuration list for PBXProject "Switches" */ = {
			isa = XCConfigurationList;
			buildConfigurations = (
				E30C48C324FAE6930049D5C3 /* Debug */,
				E30C48C424FAE6930049D5C3 /* Release */,
			);
			defaultConfigurationIsVisible = 0;
			defaultConfigurationName = Release;
		};
		E30C48C524FAE6930049D5C3 /* Build configuration list for PBXNativeTarget "Switches" */ = {
			isa = XCConfigurationList;
			buildConfigurations = (
				E30C48C624FAE6930049D5C3 /* Debug */,
				E30C48C724FAE6930049D5C3 /* Release */,
			);
			defaultConfigurationIsVisible = 0;
			defaultConfigurationName = Release;
		};
		E30C48C824FAE6930049D5C3 /* Build configuration list for PBXNativeTarget "SwitchesTests" */ = {
			isa = XCConfigurationList;
			buildConfigurations = (
				E30C48C924FAE6930049D5C3 /* Debug */,
				E30C48CA24FAE6930049D5C3 /* Release */,
			);
			defaultConfigurationIsVisible = 0;
			defaultConfigurationName = Release;
		};
		E30C491024FAE7420049D5C3 /* Build configuration list for PBXNativeTarget "SwitchesDemo" */ = {
			isa = XCConfigurationList;
			buildConfigurations = (
				E30C491124FAE7420049D5C3 /* Debug */,
				E30C491224FAE7420049D5C3 /* Release */,
			);
			defaultConfigurationIsVisible = 0;
			defaultConfigurationName = Release;
		};
		E30C491324FAE7420049D5C3 /* Build configuration list for PBXNativeTarget "SwitchesDemoTests" */ = {
			isa = XCConfigurationList;
			buildConfigurations = (
				E30C491424FAE7420049D5C3 /* Debug */,
				E30C491524FAE7420049D5C3 /* Release */,
			);
			defaultConfigurationIsVisible = 0;
			defaultConfigurationName = Release;
		};
		E30C491624FAE7420049D5C3 /* Build configuration list for PBXNativeTarget "SwitchesDemoUITests" */ = {
			isa = XCConfigurationList;
			buildConfigurations = (
				E30C491724FAE7420049D5C3 /* Debug */,
				E30C491824FAE7420049D5C3 /* Release */,
			);
			defaultConfigurationIsVisible = 0;
			defaultConfigurationName = Release;
		};
/* End XCConfigurationList section */
	};
	rootObject = E30C48A824FAE6930049D5C3 /* Project object */;
}
